
Microsoft Visual Studio Solution File, Format Version 12.00
# Visual Studio Version 16
VisualStudioVersion = 16.0.31129.286
MinimumVisualStudioVersion = 10.0.40219.1
Project("{888888A0-9F3D-457C-B088-3A5042F75D52}") = "Phase Stream 2", "Phase Stream 2.pyproj", "{ECA1A728-83C6-45C3-BA58-E452545507D1}"
EndProject
Global
	GlobalSection(SolutionConfigurationPlatforms) = preSolution
		Debug|Any CPU = Debug|Any CPU
		Release|Any CPU = Release|Any CPU
	EndGlobalSection
	GlobalSection(ProjectConfigurationPlatforms) = postSolution
		{ECA1A728-83C6-45C3-BA58-E452545507D1}.Debug|Any CPU.ActiveCfg = Debug|Any CPU
		{ECA1A728-83C6-45C3-BA58-E452545507D1}.Release|Any CPU.ActiveCfg = Release|Any CPU
	EndGlobalSection
	GlobalSection(SolutionProperties) = preSolution
		HideSolutionNode = FALSE
	EndGlobalSection
	GlobalSection(ExtensibilityGlobals) = postSolution
		SolutionGuid = {6885FCD5-9DA3-4359-A4D9-BECDA21ED267}
	EndGlobalSection
EndGlobal
